
Microsoft Visual Studio Solution File, Format Version 12.00
# Visual Studio Version 17
VisualStudioVersion = 17.2.32526.322
MinimumVisualStudioVersion = 10.0.40219.1
Project("{FAE04EC0-301F-11D3-BF4B-00C04F79EFBC}") = "ProjectManagmentSoftware", "ProjectManagmentSoftware.csproj", "{302431C5-46C5-4372-923C-AB8685A9B8D8}"
EndProject
Global
	GlobalSection(SolutionConfigurationPlatforms) = preSolution
		Debug|Any CPU = Debug|Any CPU
		Release|Any CPU = Release|Any CPU
	EndGlobalSection
	GlobalSection(ProjectConfigurationPlatforms) = postSolution
		{302431C5-46C5-4372-923C-AB8685A9B8D8}.Debug|Any CPU.ActiveCfg = Debug|Any CPU
		{302431C5-46C5-4372-923C-AB8685A9B8D8}.Debug|Any CPU.Build.0 = Debug|Any CPU
		{302431C5-46C5-4372-923C-AB8685A9B8D8}.Release|Any CPU.ActiveCfg = Release|Any CPU
		{302431C5-46C5-4372-923C-AB8685A9B8D8}.Release|Any CPU.Build.0 = Release|Any CPU
	EndGlobalSection
	GlobalSection(SolutionProperties) = preSolution
		HideSolutionNode = FALSE
	EndGlobalSection
	GlobalSection(ExtensibilityGlobals) = postSolution
		SolutionGuid = {5A69464B-5CF5-49A3-A7B1-04C973550704}
	EndGlobalSection
EndGlobal
